apiVersion: vendir.k14s.io/v1alpha1
directories:
- contents:
  - git:
      commitTitle: bump to 2.12.13
      sha: 05617071e2120d605360ecccad50de921acde7f5
    path: .
  path: config/credhub/_ytt_lib/credhub
- contents:
  - git:
      commitTitle: fix more request errors (#3528)
      sha: cb4422c09b737d09776ffb1cee7019a459006285
      tags:
      - v77.35.0
    path: .
  path: config/uaa/_ytt_lib/uaa
kind: LockConfig
