apiVersion: vendir.k14s.io/v1alpha1
directories:
- contents:
  - git:
      commitTitle: bump to 2.12.13
      sha: 05617071e2120d605360ecccad50de921acde7f5
    path: .
  path: config/credhub/_ytt_lib/credhub
- contents:
  - git:
      commitTitle: 'build(deps): bump versions.springBootVersion from 3.5.11 to 3.5.12
        (#3797)...'
      sha: 0abf21e3d0c228866b94b760a4363abbbfc8cd1a
      tags:
      - v78.10.0
    path: .
  path: config/uaa/_ytt_lib/uaa
kind: LockConfig
