apiVersion: vendir.k14s.io/v1alpha1
directories:
- contents:
  - git:
      commitTitle: bump to 2.12.13
      sha: 05617071e2120d605360ecccad50de921acde7f5
    path: .
  path: config/credhub/_ytt_lib/credhub
- contents:
  - git:
      commitTitle: Fix regression with OIDC discovery url but no tokenUrl (#3280)...
      sha: f9e2fbceef118ad442edad46179e9d5e1ac5cf77
      tags:
      - v77.26.0
    path: .
  path: config/uaa/_ytt_lib/uaa
kind: LockConfig
